{
  "name": "unb",
  "lockfileVersion": 3,
  "requires": true,
  "packages": {
    "": {
      "dependencies": {
        "@dagrejs/dagre": "^2.0.3"
      },
      "devDependencies": {
        "@types/dagre": "^0.7.53"
      }
    },
    "node_modules/@dagrejs/dagre": {
      "version": "2.0.3",
      "resolved": "https://registry.npmjs.org/@dagrejs/dagre/-/dagre-2.0.3.tgz",
      "integrity": "sha512-ig9Vg52tsijTIKNgW9BAeUVBhDRvqlZ2a6FQ6i41YcPpoAy7VXXt2qye22PXRecGSjAp0OEEVUBhJ4oS9BnBzQ==",
      "license": "MIT",
      "dependencies": {
        "@dagrejs/graphlib": "2.2.4"
      }
    },
    "node_modules/@dagrejs/graphlib": {
      "version": "2.2.4",
      "resolved": "https://registry.npmjs.org/@dagrejs/graphlib/-/graphlib-2.2.4.tgz",
      "integrity": "sha512-mepCf/e9+SKYy1d02/UkvSy6+6MoyXhVxP8lLDfA7BPE1X1d4dR0sZznmbM8/XVJ1GPM+Svnx7Xj6ZweByWUkw==",
      "license": "MIT",
      "engines": {
        "node": ">17.0.0"
      }
    },
    "node_modules/@types/dagre": {
      "version": "0.7.53",
      "resolved": "https://registry.npmjs.org/@types/dagre/-/dagre-0.7.53.tgz",
      "integrity": "sha512-f4gkWqzPZvYmKhOsDnhq/R8mO4UMcKdxZo+i5SCkOU1wvGeHJeUXGIHeE9pnwGyPMDof1Vx5ZQo4nxpeg2TTVQ==",
      "dev": true,
      "license": "MIT"
    }
  }
}
